
Microsoft Visual Studio Solution File, Format Version 12.00
# Visual Studio 14
VisualStudioVersion = 14.0.25420.1
MinimumVisualStudioVersion = 10.0.40219.1
Project("{FAE04EC0-301F-11D3-BF4B-00C04F79EFBC}") = "E2", "E2\E2.csproj", "{64F211C6-CF11-4C68-9E56-5D86CB1F9466}"
EndProject
Project("{FAE04EC0-301F-11D3-BF4B-00C04F79EFBC}") = "E1", "E1\E1.csproj", "{FF267F2F-A12E-45C8-9D7D-246A0B2C4422}"
EndProject
Project("{FAE04EC0-301F-11D3-BF4B-00C04F79EFBC}") = "E3", "E3\E3.csproj", "{1785A17A-CE14-48DB-87B1-28E69D6A7C9F}"
EndProject
Project("{FAE04EC0-301F-11D3-BF4B-00C04F79EFBC}") = "E4", "E4\E4.csproj", "{CBBB9A51-23E1-435B-8CF1-1D96EF79D283}"
EndProject
Project("{FAE04EC0-301F-11D3-BF4B-00C04F79EFBC}") = "E5", "E5\E5.csproj", "{03415A60-2ECD-4828-9721-159350A05B58}"
EndProject
Project("{FAE04EC0-301F-11D3-BF4B-00C04F79EFBC}") = "E6", "E6\E6.csproj", "{FF107DCD-C8D3-4D62-B7FB-E04D9FDEAFD5}"
EndProject
Project("{FAE04EC0-301F-11D3-BF4B-00C04F79EFBC}") = "E7", "E7\E7.csproj", "{EA205573-8159-4D1E-91D6-2F9FFA474096}"
EndProject
Global
	GlobalSection(SolutionConfigurationPlatforms) = preSolution
		Debug|Any CPU = Debug|Any CPU
		Release|Any CPU = Release|Any CPU
	EndGlobalSection
	GlobalSection(ProjectConfigurationPlatforms) = postSolution
		{64F211C6-CF11-4C68-9E56-5D86CB1F9466}.Debug|Any CPU.ActiveCfg = Debug|Any CPU
		{64F211C6-CF11-4C68-9E56-5D86CB1F9466}.Debug|Any CPU.Build.0 = Debug|Any CPU
		{64F211C6-CF11-4C68-9E56-5D86CB1F9466}.Release|Any CPU.ActiveCfg = Release|Any CPU
		{64F211C6-CF11-4C68-9E56-5D86CB1F9466}.Release|Any CPU.Build.0 = Release|Any CPU
		{FF267F2F-A12E-45C8-9D7D-246A0B2C4422}.Debug|Any CPU.ActiveCfg = Debug|Any CPU
		{FF267F2F-A12E-45C8-9D7D-246A0B2C4422}.Debug|Any CPU.Build.0 = Debug|Any CPU
		{FF267F2F-A12E-45C8-9D7D-246A0B2C4422}.Release|Any CPU.ActiveCfg = Release|Any CPU
		{FF267F2F-A12E-45C8-9D7D-246A0B2C4422}.Release|Any CPU.Build.0 = Release|Any CPU
		{1785A17A-CE14-48DB-87B1-28E69D6A7C9F}.Debug|Any CPU.ActiveCfg = Debug|Any CPU
		{1785A17A-CE14-48DB-87B1-28E69D6A7C9F}.Debug|Any CPU.Build.0 = Debug|Any CPU
		{1785A17A-CE14-48DB-87B1-28E69D6A7C9F}.Release|Any CPU.ActiveCfg = Release|Any CPU
		{1785A17A-CE14-48DB-87B1-28E69D6A7C9F}.Release|Any CPU.Build.0 = Release|Any CPU
		{CBBB9A51-23E1-435B-8CF1-1D96EF79D283}.Debug|Any CPU.ActiveCfg = Debug|Any CPU
		{CBBB9A51-23E1-435B-8CF1-1D96EF79D283}.Debug|Any CPU.Build.0 = Debug|Any CPU
		{CBBB9A51-23E1-435B-8CF1-1D96EF79D283}.Release|Any CPU.ActiveCfg = Release|Any CPU
		{CBBB9A51-23E1-435B-8CF1-1D96EF79D283}.Release|Any CPU.Build.0 = Release|Any CPU
		{03415A60-2ECD-4828-9721-159350A05B58}.Debug|Any CPU.ActiveCfg = Debug|Any CPU
		{03415A60-2ECD-4828-9721-159350A05B58}.Debug|Any CPU.Build.0 = Debug|Any CPU
		{03415A60-2ECD-4828-9721-159350A05B58}.Release|Any CPU.ActiveCfg = Release|Any CPU
		{03415A60-2ECD-4828-9721-159350A05B58}.Release|Any CPU.Build.0 = Release|Any CPU
		{FF107DCD-C8D3-4D62-B7FB-E04D9FDEAFD5}.Debug|Any CPU.ActiveCfg = Debug|Any CPU
		{FF107DCD-C8D3-4D62-B7FB-E04D9FDEAFD5}.Debug|Any CPU.Build.0 = Debug|Any CPU
		{FF107DCD-C8D3-4D62-B7FB-E04D9FDEAFD5}.Release|Any CPU.ActiveCfg = Release|Any CPU
		{FF107DCD-C8D3-4D62-B7FB-E04D9FDEAFD5}.Release|Any CPU.Build.0 = Release|Any CPU
		{EA205573-8159-4D1E-91D6-2F9FFA474096}.Debug|Any CPU.ActiveCfg = Debug|Any CPU
		{EA205573-8159-4D1E-91D6-2F9FFA474096}.Debug|Any CPU.Build.0 = Debug|Any CPU
		{EA205573-8159-4D1E-91D6-2F9FFA474096}.Release|Any CPU.ActiveCfg = Release|Any CPU
		{EA205573-8159-4D1E-91D6-2F9FFA474096}.Release|Any CPU.Build.0 = Release|Any CPU
	EndGlobalSection
	GlobalSection(SolutionProperties) = preSolution
		HideSolutionNode = FALSE
	EndGlobalSection
EndGlobal
